// !$*UTF8*$!
{
	archiveVersion = 1;
	classes = {
	};
	objectVersion = 50;
	objects = {

/* Begin PBXBuildFile section */
		E382478525331903004BF4E6 /* watchOS-devicemotion WatchKit App.app in Embed Watch Content */ = {isa = PBXBuildFile; fileRef = E382478425331903004BF4E6 /* watchOS-devicemotion WatchKit App.app */; settings = {ATTRIBUTES = (RemoveHeadersOnCopy, ); }; };
		E382478B25331903004BF4E6 /* Interface.storyboard in Resources */ = {isa = PBXBuildFile; fileRef = E382478925331903004BF4E6 /* Interface.storyboard */; };
		E382478D25331905004BF4E6 /* Assets.xcassets in Resources */ = {isa = PBXBuildFile; fileRef = E382478C25331905004BF4E6 /* Assets.xcassets */; };
		E382479425331905004BF4E6 /* watchOS-devicemotion WatchKit Extension.appex in Embed App Extensions */ = {isa = PBXBuildFile; fileRef = E382479325331905004BF4E6 /* watchOS-devicemotion WatchKit Extension.appex */; settings = {ATTRIBUTES = (RemoveHeadersOnCopy, ); }; };
		E382479925331905004BF4E6 /* InterfaceController.swift in Sources */ = {isa = PBXBuildFile; fileRef = E382479825331905004BF4E6 /* InterfaceController.swift */; };
		E382479B25331905004BF4E6 /* ExtensionDelegate.swift in Sources */ = {isa = PBXBuildFile; fileRef = E382479A25331905004BF4E6 /* ExtensionDelegate.swift */; };
		E382479D25331905004BF4E6 /* NotificationController.swift in Sources */ = {isa = PBXBuildFile; fileRef = E382479C25331905004BF4E6 /* NotificationController.swift */; };
		E382479F25331905004BF4E6 /* ComplicationController.swift in Sources */ = {isa = PBXBuildFile; fileRef = E382479E25331905004BF4E6 /* ComplicationController.swift */; };
		E38247A125331905004BF4E6 /* Assets.xcassets in Resources */ = {isa = PBXBuildFile; fileRef = E38247A025331905004BF4E6 /* Assets.xcassets */; };
/* End PBXBuildFile section */

/* Begin PBXContainerItemProxy section */
		E382478625331903004BF4E6 /* PBXContainerItemProxy */ = {
			isa = PBXContainerItemProxy;
			containerPortal = E382477A25331903004BF4E6 /* Project object */;
			proxyType = 1;
			remoteGlobalIDString = E382478325331903004BF4E6;
			remoteInfo = "watchOS-devicemotion WatchKit App";
		};
		E382479525331905004BF4E6 /* PBXContainerItemProxy */ = {
			isa = PBXContainerItemProxy;
			containerPortal = E382477A25331903004BF4E6 /* Project object */;
			proxyType = 1;
			remoteGlobalIDString = E382479225331905004BF4E6;
			remoteInfo = "watchOS-devicemotion WatchKit Extension";
		};
/* End PBXContainerItemProxy section */

/* Begin PBXCopyFilesBuildPhase section */
		E38247A925331905004BF4E6 /* Embed App Extensions */ = {
			isa = PBXCopyFilesBuildPhase;
			buildActionMask = 2147483647;
			dstPath = "";
			dstSubfolderSpec = 13;
			files = (
				E382479425331905004BF4E6 /* watchOS-devicemotion WatchKit Extension.appex in Embed App Extensions */,
			);
			name = "Embed App Extensions";
			runOnlyForDeploymentPostprocessing = 0;
		};
		E38247AD25331905004BF4E6 /* Embed Watch Content */ = {
			isa = PBXCopyFilesBuildPhase;
			buildActionMask = 2147483647;
			dstPath = "$(CONTENTS_FOLDER_PATH)/Watch";
			dstSubfolderSpec = 16;
			files = (
				E382478525331903004BF4E6 /* watchOS-devicemotion WatchKit App.app in Embed Watch Content */,
			);
			name = "Embed Watch Content";
			runOnlyForDeploymentPostprocessing = 0;
		};
/* End PBXCopyFilesBuildPhase section */

/* Begin PBXFileReference section */
		E382478025331903004BF4E6 /* watchOS-devicemotion.app */ = {isa = PBXFileReference; explicitFileType = wrapper.application; includeInIndex = 0; path = "watchOS-devicemotion.app"; sourceTree = BUILT_PRODUCTS_DIR; };
		E382478425331903004BF4E6 /* watchOS-devicemotion WatchKit App.app */ = {isa = PBXFileReference; explicitFileType = wrapper.application; includeInIndex = 0; path = "watchOS-devicemotion WatchKit App.app"; sourceTree = BUILT_PRODUCTS_DIR; };
		E382478A25331903004BF4E6 /* Base */ = {isa = PBXFileReference; lastKnownFileType = file.storyboard; name = Base; path = Base.lproj/Interface.storyboard; sourceTree = "<group>"; };
		E382478C25331905004BF4E6 /* Assets.xcassets */ = {isa = PBXFileReference; lastKnownFileType = folder.assetcatalog; path = Assets.xcassets; sourceTree = "<group>"; };
		E382478E25331905004BF4E6 /* Info.plist */ = {isa = PBXFileReference; lastKnownFileType = text.plist.xml; path = Info.plist; sourceTree = "<group>"; };
		E382479325331905004BF4E6 /* watchOS-devicemotion WatchKit Extension.appex */ = {isa = PBXFileReference; explicitFileType = "wrapper.app-extension"; includeInIndex = 0; path = "watchOS-devicemotion WatchKit Extension.appex"; sourceTree = BUILT_PRODUCTS_DIR; };
		E382479825331905004BF4E6 /* InterfaceController.swift */ = {isa = PBXFileReference; lastKnownFileType = sourcecode.swift; path = InterfaceController.swift; sourceTree = "<group>"; };
		E382479A25331905004BF4E6 /* ExtensionDelegate.swift */ = {isa = PBXFileReference; lastKnownFileType = sourcecode.swift; path = ExtensionDelegate.swift; sourceTree = "<group>"; };
		E382479C25331905004BF4E6 /* NotificationController.swift */ = {isa = PBXFileReference; lastKnownFileType = sourcecode.swift; path = NotificationController.swift; sourceTree = "<group>"; };
		E382479E25331905004BF4E6 /* ComplicationController.swift */ = {isa = PBXFileReference; lastKnownFileType = sourcecode.swift; path = ComplicationController.swift; sourceTree = "<group>"; };
		E38247A025331905004BF4E6 /* Assets.xcassets */ = {isa = PBXFileReference; lastKnownFileType = folder.assetcatalog; path = Assets.xcassets; sourceTree = "<group>"; };
		E38247A225331905004BF4E6 /* Info.plist */ = {isa = PBXFileReference; lastKnownFileType = text.plist.xml; path = Info.plist; sourceTree = "<group>"; };
		E38247A325331905004BF4E6 /* PushNotificationPayload.apns */ = {isa = PBXFileReference; lastKnownFileType = text; path = PushNotificationPayload.apns; sourceTree = "<group>"; };
/* End PBXFileReference section */

/* Begin PBXFrameworksBuildPhase section */
		E382479025331905004BF4E6 /* Frameworks */ = {
			isa = PBXFrameworksBuildPhase;
			buildActionMask = 2147483647;
			files = (
			);
			runOnlyForDeploymentPostprocessing = 0;
		};
/* End PBXFrameworksBuildPhase section */

/* Begin PBXGroup section */
		E382477925331903004BF4E6 = {
			isa = PBXGroup;
			children = (
				E382478825331903004BF4E6 /* watchOS-devicemotion WatchKit App */,
				E382479725331905004BF4E6 /* watchOS-devicemotion WatchKit Extension */,
				E382478125331903004BF4E6 /* Products */,
			);
			sourceTree = "<group>";
		};
		E382478125331903004BF4E6 /* Products */ = {
			isa = PBXGroup;
			children = (
				E382478025331903004BF4E6 /* watchOS-devicemotion.app */,
				E382478425331903004BF4E6 /* watchOS-devicemotion WatchKit App.app */,
				E382479325331905004BF4E6 /* watchOS-devicemotion WatchKit Extension.appex */,
			);
			name = Products;
			sourceTree = "<group>";
		};
		E382478825331903004BF4E6 /* watchOS-devicemotion WatchKit App */ = {
			isa = PBXGroup;
			children = (
				E382478925331903004BF4E6 /* Interface.storyboard */,
				E382478C25331905004BF4E6 /* Assets.xcassets */,
				E382478E25331905004BF4E6 /* Info.plist */,
			);
			path = "watchOS-devicemotion WatchKit App";
			sourceTree = "<group>";
		};
		E382479725331905004BF4E6 /* watchOS-devicemotion WatchKit Extension */ = {
			isa = PBXGroup;
			children = (
				E382479825331905004BF4E6 /* InterfaceController.swift */,
				E382479A25331905004BF4E6 /* ExtensionDelegate.swift */,
				E382479C25331905004BF4E6 /* NotificationController.swift */,
				E382479E25331905004BF4E6 /* ComplicationController.swift */,
				E38247A025331905004BF4E6 /* Assets.xcassets */,
				E38247A225331905004BF4E6 /* Info.plist */,
				E38247A325331905004BF4E6 /* PushNotificationPayload.apns */,
			);
			path = "watchOS-devicemotion WatchKit Extension";
			sourceTree = "<group>";
		};
/* End PBXGroup section */

/* Begin PBXNativeTarget section */
		E382477F25331903004BF4E6 /* watchOS-devicemotion */ = {
			isa = PBXNativeTarget;
			buildConfigurationList = E38247AE25331905004BF4E6 /* Build configuration list for PBXNativeTarget "watchOS-devicemotion" */;
			buildPhases = (
				E382477E25331903004BF4E6 /* Resources */,
				E38247AD25331905004BF4E6 /* Embed Watch Content */,
			);
			buildRules = (
			);
			dependencies = (
				E382478725331903004BF4E6 /* PBXTargetDependency */,
			);
			name = "watchOS-devicemotion";
			productName = "watchOS-devicemotion";
			productReference = E382478025331903004BF4E6 /* watchOS-devicemotion.app */;
			productType = "com.apple.product-type.application.watchapp2-container";
		};
		E382478325331903004BF4E6 /* watchOS-devicemotion WatchKit App */ = {
			isa = PBXNativeTarget;
			buildConfigurationList = E38247AA25331905004BF4E6 /* Build configuration list for PBXNativeTarget "watchOS-devicemotion WatchKit App" */;
			buildPhases = (
				E382478225331903004BF4E6 /* Resources */,
				E38247A925331905004BF4E6 /* Embed App Extensions */,
			);
			buildRules = (
			);
			dependencies = (
				E382479625331905004BF4E6 /* PBXTargetDependency */,
			);
			name = "watchOS-devicemotion WatchKit App";
			productName = "watchOS-devicemotion WatchKit App";
			productReference = E382478425331903004BF4E6 /* watchOS-devicemotion WatchKit App.app */;
			productType = "com.apple.product-type.application.watchapp2";
		};
		E382479225331905004BF4E6 /* watchOS-devicemotion WatchKit Extension */ = {
			isa = PBXNativeTarget;
			buildConfigurationList = E38247A625331905004BF4E6 /* Build configuration list for PBXNativeTarget "watchOS-devicemotion WatchKit Extension" */;
			buildPhases = (
				E382478F25331905004BF4E6 /* Sources */,
				E382479025331905004BF4E6 /* Frameworks */,
				E382479125331905004BF4E6 /* Resources */,
			);
			buildRules = (
			);
			dependencies = (
			);
			name = "watchOS-devicemotion WatchKit Extension";
			productName = "watchOS-devicemotion WatchKit Extension";
			productReference = E382479325331905004BF4E6 /* watchOS-devicemotion WatchKit Extension.appex */;
			productType = "com.apple.product-type.watchkit2-extension";
		};
/* End PBXNativeTarget section */

/* Begin PBXProject section */
		E382477A25331903004BF4E6 /* Project object */ = {
			isa = PBXProject;
			attributes = {
				LastSwiftUpdateCheck = 1200;
				LastUpgradeCheck = 1200;
				TargetAttributes = {
					E382477F25331903004BF4E6 = {
						CreatedOnToolsVersion = 12.0.1;
					};
					E382478325331903004BF4E6 = {
						CreatedOnToolsVersion = 12.0.1;
					};
					E382479225331905004BF4E6 = {
						CreatedOnToolsVersion = 12.0.1;
					};
				};
			};
			buildConfigurationList = E382477D25331903004BF4E6 /* Build configuration list for PBXProject "watchOS-devicemotion" */;
			compatibilityVersion = "Xcode 9.3";
			developmentRegion = en;
			hasScannedForEncodings = 0;
			knownRegions = (
				en,
				Base,
			);
			mainGroup = E382477925331903004BF4E6;
			productRefGroup = E382478125331903004BF4E6 /* Products */;
			projectDirPath = "";
			projectRoot = "";
			targets = (
				E382477F25331903004BF4E6 /* watchOS-devicemotion */,
				E382478325331903004BF4E6 /* watchOS-devicemotion WatchKit App */,
				E382479225331905004BF4E6 /* watchOS-devicemotion WatchKit Extension */,
			);
		};
/* End PBXProject section */

/* Begin PBXResourcesBuildPhase section */
		E382477E25331903004BF4E6 /* Resources */ = {
			isa = PBXResourcesBuildPhase;
			buildActionMask = 2147483647;
			files = (
			);
			runOnlyForDeploymentPostprocessing = 0;
		};
		E382478225331903004BF4E6 /* Resources */ = {
			isa = PBXResourcesBuildPhase;
			buildActionMask = 2147483647;
			files = (
				E382478D25331905004BF4E6 /* Assets.xcassets in Resources */,
				E382478B25331903004BF4E6 /* Interface.storyboard in Resources */,
			);
			runOnlyForDeploymentPostprocessing = 0;
		};
		E382479125331905004BF4E6 /* Resources */ = {
			isa = PBXResourcesBuildPhase;
			buildActionMask = 2147483647;
			files = (
				E38247A125331905004BF4E6 /* Assets.xcassets in Resources */,
			);
			runOnlyForDeploymentPostprocessing = 0;
		};
/* End PBXResourcesBuildPhase section */

/* Begin PBXSourcesBuildPhase section */
		E382478F25331905004BF4E6 /* Sources */ = {
			isa = PBXSourcesBuildPhase;
			buildActionMask = 2147483647;
			files = (
				E382479D25331905004BF4E6 /* NotificationController.swift in Sources */,
				E382479F25331905004BF4E6 /* ComplicationController.swift in Sources */,
				E382479B25331905004BF4E6 /* ExtensionDelegate.swift in Sources */,
				E382479925331905004BF4E6 /* InterfaceController.swift in Sources */,
			);
			runOnlyForDeploymentPostprocessing = 0;
		};
/* End PBXSourcesBuildPhase section */

/* Begin PBXTargetDependency section */
		E382478725331903004BF4E6 /* PBXTargetDependency */ = {
			isa = PBXTargetDependency;
			target = E382478325331903004BF4E6 /* watchOS-devicemotion WatchKit App */;
			targetProxy = E382478625331903004BF4E6 /* PBXContainerItemProxy */;
		};
		E382479625331905004BF4E6 /* PBXTargetDependency */ = {
			isa = PBXTargetDependency;
			target = E382479225331905004BF4E6 /* watchOS-devicemotion WatchKit Extension */;
			targetProxy = E382479525331905004BF4E6 /* PBXContainerItemProxy */;
		};
/* End PBXTargetDependency section */

/* Begin PBXVariantGroup section */
		E382478925331903004BF4E6 /* Interface.storyboard */ = {
			isa = PBXVariantGroup;
			children = (
				E382478A25331903004BF4E6 /* Base */,
			);
			name = Interface.storyboard;
			sourceTree = "<group>";
		};
/* End PBXVariantGroup section */

/* Begin XCBuildConfiguration section */
		E38247A425331905004BF4E6 /* Debug */ = {
			isa = XCBuildConfiguration;
			buildSettings = {
				ALWAYS_SEARCH_USER_PATHS = NO;
				CLANG_ANALYZER_NONNULL = YES;
				CLANG_ANALYZER_NUMBER_OBJECT_CONVERSION = YES_AGGRESSIVE;
				CLANG_CXX_LANGUAGE_STANDARD = "gnu++14";
				CLANG_CXX_LIBRARY = "libc++";
				CLANG_ENABLE_MODULES = YES;
				CLANG_ENABLE_OBJC_ARC = YES;
				CLANG_ENABLE_OBJC_WEAK = YES;
				CLANG_WARN_BLOCK_CAPTURE_AUTORELEASING = YES;
				CLANG_WARN_BOOL_CONVERSION = YES;
				CLANG_WARN_COMMA = YES;
				CLANG_WARN_CONSTANT_CONVERSION = YES;
				CLANG_WARN_DEPRECATED_OBJC_IMPLEMENTATIONS = YES;
				CLANG_WARN_DIRECT_OBJC_ISA_USAGE = YES_ERROR;
				CLANG_WARN_DOCUMENTATION_COMMENTS = YES;
				CLANG_WARN_EMPTY_BODY = YES;
				CLANG_WARN_ENUM_CONVERSION = YES;
				CLANG_WARN_INFINITE_RECURSION = YES;
				CLANG_WARN_INT_CONVERSION = YES;
				CLANG_WARN_NON_LITERAL_NULL_CONVERSION = YES;
				CLANG_WARN_OBJC_IMPLICIT_RETAIN_SELF = YES;
				CLANG_WARN_OBJC_LITERAL_CONVERSION = YES;
				CLANG_WARN_OBJC_ROOT_CLASS = YES_ERROR;
				CLANG_WARN_QUOTED_INCLUDE_IN_FRAMEWORK_HEADER = YES;
				CLANG_WARN_RANGE_LOOP_ANALYSIS = YES;
				CLANG_WARN_STRICT_PROTOTYPES = YES;
				CLANG_WARN_SUSPICIOUS_MOVE = YES;
				CLANG_WARN_UNGUARDED_AVAILABILITY = YES_AGGRESSIVE;
				CLANG_WARN_UNREACHABLE_CODE = YES;
				CLANG_WARN__DUPLICATE_METHOD_MATCH = YES;
				COPY_PHASE_STRIP = NO;
				DEBUG_INFORMATION_FORMAT = dwarf;
				ENABLE_STRICT_OBJC_MSGSEND = YES;
				ENABLE_TESTABILITY = YES;
				GCC_C_LANGUAGE_STANDARD = gnu11;
				GCC_DYNAMIC_NO_PIC = NO;
				GCC_NO_COMMON_BLOCKS = YES;
				GCC_OPTIMIZATION_LEVEL = 0;
				GCC_PREPROCESSOR_DEFINITIONS = (
					"DEBUG=1",
					"$(inherited)",
				);
				GCC_WARN_64_TO_32_BIT_CONVERSION = YES;
				GCC_WARN_ABOUT_RETURN_TYPE = YES_ERROR;
				GCC_WARN_UNDECLARED_SELECTOR = YES;
				GCC_WARN_UNINITIALIZED_AUTOS = YES_AGGRESSIVE;
				GCC_WARN_UNUSED_FUNCTION = YES;
				GCC_WARN_UNUSED_VARIABLE = YES;
				MTL_ENABLE_DEBUG_INFO = INCLUDE_SOURCE;
				MTL_FAST_MATH = YES;
				ONLY_ACTIVE_ARCH = YES;
				SDKROOT = iphoneos;
				SWIFT_ACTIVE_COMPILATION_CONDITIONS = DEBUG;
				SWIFT_OPTIMIZATION_LEVEL = "-Onone";
			};
			name = Debug;
		};
		E38247A525331905004BF4E6 /* Release */ = {
			isa = XCBuildConfiguration;
			buildSettings = {
				ALWAYS_SEARCH_USER_PATHS = NO;
				CLANG_ANALYZER_NONNULL = YES;
				CLANG_ANALYZER_NUMBER_OBJECT_CONVERSION = YES_AGGRESSIVE;
				CLANG_CXX_LANGUAGE_STANDARD = "gnu++14";
				CLANG_CXX_LIBRARY = "libc++";
				CLANG_ENABLE_MODULES = YES;
				CLANG_ENABLE_OBJC_ARC = YES;
				CLANG_ENABLE_OBJC_WEAK = YES;
				CLANG_WARN_BLOCK_CAPTURE_AUTORELEASING = YES;
				CLANG_WARN_BOOL_CONVERSION = YES;
				CLANG_WARN_COMMA = YES;
				CLANG_WARN_CONSTANT_CONVERSION = YES;
				CLANG_WARN_DEPRECATED_OBJC_IMPLEMENTATIONS = YES;
				CLANG_WARN_DIRECT_OBJC_ISA_USAGE = YES_ERROR;
				CLANG_WARN_DOCUMENTATION_COMMENTS = YES;
				CLANG_WARN_EMPTY_BODY = YES;
				CLANG_WARN_ENUM_CONVERSION = YES;
				CLANG_WARN_INFINITE_RECURSION = YES;
				CLANG_WARN_INT_CONVERSION = YES;
				CLANG_WARN_NON_LITERAL_NULL_CONVERSION = YES;
				CLANG_WARN_OBJC_IMPLICIT_RETAIN_SELF = YES;
				CLANG_WARN_OBJC_LITERAL_CONVERSION = YES;
				CLANG_WARN_OBJC_ROOT_CLASS = YES_ERROR;
				CLANG_WARN_QUOTED_INCLUDE_IN_FRAMEWORK_HEADER = YES;
				CLANG_WARN_RANGE_LOOP_ANALYSIS = YES;
				CLANG_WARN_STRICT_PROTOTYPES = YES;
				CLANG_WARN_SUSPICIOUS_MOVE = YES;
				CLANG_WARN_UNGUARDED_AVAILABILITY = YES_AGGRESSIVE;
				CLANG_WARN_UNREACHABLE_CODE = YES;
				CLANG_WARN__DUPLICATE_METHOD_MATCH = YES;
				COPY_PHASE_STRIP = NO;
				DEBUG_INFORMATION_FORMAT = "dwarf-with-dsym";
				ENABLE_NS_ASSERTIONS = NO;
				ENABLE_STRICT_OBJC_MSGSEND = YES;
				GCC_C_LANGUAGE_STANDARD = gnu11;
				GCC_NO_COMMON_BLOCKS = YES;
				GCC_WARN_64_TO_32_BIT_CONVERSION = YES;
				GCC_WARN_ABOUT_RETURN_TYPE = YES_ERROR;
				GCC_WARN_UNDECLARED_SELECTOR = YES;
				GCC_WARN_UNINITIALIZED_AUTOS = YES_AGGRESSIVE;
				GCC_WARN_UNUSED_FUNCTION = YES;
				GCC_WARN_UNUSED_VARIABLE = YES;
				MTL_ENABLE_DEBUG_INFO = NO;
				MTL_FAST_MATH = YES;
				SDKROOT = iphoneos;
				SWIFT_COMPILATION_MODE = wholemodule;
				SWIFT_OPTIMIZATION_LEVEL = "-O";
				VALIDATE_PRODUCT = YES;
			};
			name = Release;
		};
		E38247A725331905004BF4E6 /* Debug */ = {
			isa = XCBuildConfiguration;
			buildSettings = {
				ASSETCATALOG_COMPILER_COMPLICATION_NAME = Complication;
				CODE_SIGN_STYLE = Automatic;
				DEVELOPMENT_TEAM = 5QJR7K89TS;
				INFOPLIST_FILE = "watchOS-devicemotion WatchKit Extension/Info.plist";
				LD_RUNPATH_SEARCH_PATHS = (
					"$(inherited)",
					"@executable_path/Frameworks",
					"@executable_path/../../Frameworks",
				);
				PRODUCT_BUNDLE_IDENTIFIER = "com.example.watchOS-devicemotion.watchkitapp.watchkitextension";
				PRODUCT_NAME = "${TARGET_NAME}";
				SDKROOT = watchos;
				SKIP_INSTALL = YES;
				SWIFT_VERSION = 5.0;
				TARGETED_DEVICE_FAMILY = 4;
				WATCHOS_DEPLOYMENT_TARGET = 7.0;
			};
			name = Debug;
		};
		E38247A825331905004BF4E6 /* Release */ = {
			isa = XCBuildConfiguration;
			buildSettings = {
				ASSETCATALOG_COMPILER_COMPLICATION_NAME = Complication;
				CODE_SIGN_STYLE = Automatic;
				DEVELOPMENT_TEAM = 5QJR7K89TS;
				INFOPLIST_FILE = "watchOS-devicemotion WatchKit Extension/Info.plist";
				LD_RUNPATH_SEARCH_PATHS = (
					"$(inherited)",
					"@executable_path/Frameworks",
					"@executable_path/../../Frameworks",
				);
				PRODUCT_BUNDLE_IDENTIFIER = "com.example.watchOS-devicemotion.watchkitapp.watchkitextension";
				PRODUCT_NAME = "${TARGET_NAME}";
				SDKROOT = watchos;
				SKIP_INSTALL = YES;
				SWIFT_VERSION = 5.0;
				TARGETED_DEVICE_FAMILY = 4;
				WATCHOS_DEPLOYMENT_TARGET = 7.0;
			};
			name = Release;
		};
		E38247AB25331905004BF4E6 /* Debug */ = {
			isa = XCBuildConfiguration;
			buildSettings = {
				ALWAYS_EMBED_SWIFT_STANDARD_LIBRARIES = YES;
				ASSETCATALOG_COMPILER_APPICON_NAME = AppIcon;
				ASSETCATALOG_COMPILER_GLOBAL_ACCENT_COLOR_NAME = AccentColor;
				CODE_SIGN_STYLE = Automatic;
				DEVELOPMENT_TEAM = 5QJR7K89TS;
				IBSC_MODULE = watchOS_devicemotion_WatchKit_Extension;
				INFOPLIST_FILE = "watchOS-devicemotion WatchKit App/Info.plist";
				PRODUCT_BUNDLE_IDENTIFIER = "com.example.watchOS-devicemotion.watchkitapp";
				PRODUCT_NAME = "$(TARGET_NAME)";
				SDKROOT = watchos;
				SKIP_INSTALL = YES;
				SWIFT_VERSION = 5.0;
				TARGETED_DEVICE_FAMILY = 4;
				WATCHOS_DEPLOYMENT_TARGET = 7.0;
			};
			name = Debug;
		};
		E38247AC25331905004BF4E6 /* Release */ = {
			isa = XCBuildConfiguration;
			buildSettings = {
				ALWAYS_EMBED_SWIFT_STANDARD_LIBRARIES = YES;
				ASSETCATALOG_COMPILER_APPICON_NAME = AppIcon;
				ASSETCATALOG_COMPILER_GLOBAL_ACCENT_COLOR_NAME = AccentColor;
				CODE_SIGN_STYLE = Automatic;
				DEVELOPMENT_TEAM = 5QJR7K89TS;
				IBSC_MODULE = watchOS_devicemotion_WatchKit_Extension;
				INFOPLIST_FILE = "watchOS-devicemotion WatchKit App/Info.plist";
				PRODUCT_BUNDLE_IDENTIFIER = "com.example.watchOS-devicemotion.watchkitapp";
				PRODUCT_NAME = "$(TARGET_NAME)";
				SDKROOT = watchos;
				SKIP_INSTALL = YES;
				SWIFT_VERSION = 5.0;
				TARGETED_DEVICE_FAMILY = 4;
				WATCHOS_DEPLOYMENT_TARGET = 7.0;
			};
			name = Release;
		};
		E38247AF25331905004BF4E6 /* Debug */ = {
			isa = XCBuildConfiguration;
			buildSettings = {
				CODE_SIGN_STYLE = Automatic;
				CURRENT_PROJECT_VERSION = 1;
				DEVELOPMENT_TEAM = 5QJR7K89TS;
				MARKETING_VERSION = 1.0;
				PRODUCT_BUNDLE_IDENTIFIER = "com.example.watchOS-devicemotion";
				PRODUCT_NAME = "$(TARGET_NAME)";
				SWIFT_VERSION = 5.0;
			};
			name = Debug;
		};
		E38247B025331905004BF4E6 /* Release */ = {
			isa = XCBuildConfiguration;
			buildSettings = {
				CODE_SIGN_STYLE = Automatic;
				CURRENT_PROJECT_VERSION = 1;
				DEVELOPMENT_TEAM = 5QJR7K89TS;
				MARKETING_VERSION = 1.0;
				PRODUCT_BUNDLE_IDENTIFIER = "com.example.watchOS-devicemotion";
				PRODUCT_NAME = "$(TARGET_NAME)";
				SWIFT_VERSION = 5.0;
			};
			name = Release;
		};
/* End XCBuildConfiguration section */

/* Begin XCConfigurationList section */
		E382477D25331903004BF4E6 /* Build configuration list for PBXProject "watchOS-devicemotion" */ = {
			isa = XCConfigurationList;
			buildConfigurations = (
				E38247A425331905004BF4E6 /* Debug */,
				E38247A525331905004BF4E6 /* Release */,
			);
			defaultConfigurationIsVisible = 0;
			defaultConfigurationName = Release;
		};
		E38247A625331905004BF4E6 /* Build configuration list for PBXNativeTarget "watchOS-devicemotion WatchKit Extension" */ = {
			isa = XCConfigurationList;
			buildConfigurations = (
				E38247A725331905004BF4E6 /* Debug */,
				E38247A825331905004BF4E6 /* Release */,
			);
			defaultConfigurationIsVisible = 0;
			defaultConfigurationName = Release;
		};
		E38247AA25331905004BF4E6 /* Build configuration list for PBXNativeTarget "watchOS-devicemotion WatchKit App" */ = {
			isa = XCConfigurationList;
			buildConfigurations = (
				E38247AB25331905004BF4E6 /* Debug */,
				E38247AC25331905004BF4E6 /* Release */,
			);
			defaultConfigurationIsVisible = 0;
			defaultConfigurationName = Release;
		};
		E38247AE25331905004BF4E6 /* Build configuration list for PBXNativeTarget "watchOS-devicemotion" */ = {
			isa = XCConfigurationList;
			buildConfigurations = (
				E38247AF25331905004BF4E6 /* Debug */,
				E38247B025331905004BF4E6 /* Release */,
			);
			defaultConfigurationIsVisible = 0;
			defaultConfigurationName = Release;
		};
/* End XCConfigurationList section */
	};
	rootObject = E382477A25331903004BF4E6 /* Project object */;
}
